# This file is automatically @generated by Cargo.
# It is not intended for manual editing.
version = 4

[[package]]
name = "demo-libretro"
version = "0.3.0"
dependencies = [
 "libretro-core",
]

[[package]]
name = "libretro-core"
version = "0.1.0"

[[package]]
name = "libretro-diagnostics"
version = "0.1.0"
dependencies = [
 "libretro-core",
]

[[package]]
name = "retrocompat-libretro"
version = "0.1.0"
dependencies = [
 "libretro-core",
 "libretro-diagnostics",
]

[[package]]
name = "software-libretro"
version = "0.1.0"
dependencies = [
 "libretro-core",
]
